
Microsoft Visual Studio Solution File, Format Version 12.00
# Visual Studio Version 16
VisualStudioVersion = 16.0.28803.156
MinimumVisualStudioVersion = 10.0.40219.1
Project("{FAE04EC0-301F-11D3-BF4B-00C04F79EFBC}") = "EventRegistration", "EventRegistration\EventRegistration.csproj", "{7AC4F5A0-753D-46DD-A79F-002A1B313FE9}"
EndProject
Global
	GlobalSection(SolutionConfigurationPlatforms) = preSolution
		Debug|Any CPU = Debug|Any CPU
		Release|Any CPU = Release|Any CPU
	EndGlobalSection
	GlobalSection(ProjectConfigurationPlatforms) = postSolution
		{7AC4F5A0-753D-46DD-A79F-002A1B313FE9}.Debug|Any CPU.ActiveCfg = Debug|Any CPU
		{7AC4F5A0-753D-46DD-A79F-002A1B313FE9}.Debug|Any CPU.Build.0 = Debug|Any CPU
		{7AC4F5A0-753D-46DD-A79F-002A1B313FE9}.Release|Any CPU.ActiveCfg = Release|Any CPU
		{7AC4F5A0-753D-46DD-A79F-002A1B313FE9}.Release|Any CPU.Build.0 = Release|Any CPU
	EndGlobalSection
	GlobalSection(SolutionProperties) = preSolution
		HideSolutionNode = FALSE
	EndGlobalSection
	GlobalSection(ExtensibilityGlobals) = postSolution
		SolutionGuid = {FD0DD9B0-823B-46D2-BD30-61F087383816}
	EndGlobalSection
EndGlobal
